// !$*UTF8*$!
{
	archiveVersion = 1;
	classes = {
	};
	objectVersion = 46;
	objects = {

/* Begin PBXBuildFile section */
		4425305D1B1CDFE4006CD74B /* TournamentDetailDownloader.swift in Sources */ = {isa = PBXBuildFile; fileRef = 4425305C1B1CDFE4006CD74B /* TournamentDetailDownloader.swift */; };
		442A74051B2B541F00875705 /* TournamentApplicantsViewController.swift in Sources */ = {isa = PBXBuildFile; fileRef = 442A74041B2B541F00875705 /* TournamentApplicantsViewController.swift */; };
		442A74071B2B54C200875705 /* TournamentApplicantsDownloader.swift in Sources */ = {isa = PBXBuildFile; fileRef = 442A74061B2B54C200875705 /* TournamentApplicantsDownloader.swift */; };
		442A74231B2F004700875705 /* normal-back.png in Resources */ = {isa = PBXBuildFile; fileRef = 442A74221B2F004700875705 /* normal-back.png */; };
		444792BC1D06146A00F22024 /* EMBadgedBarButtonItem.swift in Sources */ = {isa = PBXBuildFile; fileRef = 444792BB1D06146A00F22024 /* EMBadgedBarButtonItem.swift */; };
		444E4E101C49855F00E6287D /* 10363442_2876931804806_5184986262509690354_o.jpg in Resources */ = {isa = PBXBuildFile; fileRef = 444E4E0F1C49855F00E6287D /* 10363442_2876931804806_5184986262509690354_o.jpg */; };
		44686A171B16139F004307E7 /* TournamentListViewController.swift in Sources */ = {isa = PBXBuildFile; fileRef = 44686A161B16139F004307E7 /* TournamentListViewController.swift */; };
		44686A1A1B1614BC004307E7 /* Tournament.swift in Sources */ = {isa = PBXBuildFile; fileRef = 44686A191B1614BC004307E7 /* Tournament.swift */; };
		44686A231B165096004307E7 /* TFHpple.m in Sources */ = {isa = PBXBuildFile; fileRef = 44686A1E1B165096004307E7 /* TFHpple.m */; };
		44686A241B165096004307E7 /* TFHppleElement.m in Sources */ = {isa = PBXBuildFile; fileRef = 44686A201B165096004307E7 /* TFHppleElement.m */; };
		44686A251B165096004307E7 /* XPathQuery.m in Sources */ = {isa = PBXBuildFile; fileRef = 44686A221B165096004307E7 /* XPathQuery.m */; };
		44686A271B17049D004307E7 /* TournamentListDownloader.swift in Sources */ = {isa = PBXBuildFile; fileRef = 44686A261B17049D004307E7 /* TournamentListDownloader.swift */; };
		44686A291B170D3E004307E7 /* TournamentViewController.swift in Sources */ = {isa = PBXBuildFile; fileRef = 44686A281B170D3E004307E7 /* TournamentViewController.swift */; };
		44686A301B174188004307E7 /* sand.png in Resources */ = {isa = PBXBuildFile; fileRef = 44686A2F1B174188004307E7 /* sand.png */; };
		44686A371B185161004307E7 /* black.png in Resources */ = {isa = PBXBuildFile; fileRef = 44686A311B185161004307E7 /* black.png */; };
		44686A381B185161004307E7 /* blue.png in Resources */ = {isa = PBXBuildFile; fileRef = 44686A321B185161004307E7 /* blue.png */; };
		44686A391B185161004307E7 /* green.png in Resources */ = {isa = PBXBuildFile; fileRef = 44686A331B185161004307E7 /* green.png */; };
		44686A3A1B185161004307E7 /* normal.png in Resources */ = {isa = PBXBuildFile; fileRef = 44686A341B185161004307E7 /* normal.png */; };
		44686A3B1B185161004307E7 /* red.png in Resources */ = {isa = PBXBuildFile; fileRef = 44686A351B185161004307E7 /* red.png */; };
		44686A541B1C50F5004307E7 /* TournamentListHelper.swift in Sources */ = {isa = PBXBuildFile; fileRef = 44686A531B1C50F4004307E7 /* TournamentListHelper.swift */; };
		44686A561B1CBC66004307E7 /* FilterSettingsViewController.swift in Sources */ = {isa = PBXBuildFile; fileRef = 44686A551B1CBC66004307E7 /* FilterSettingsViewController.swift */; };
		446D30551B42E3A3002955BD /* AddGestureVC.swift in Sources */ = {isa = PBXBuildFile; fileRef = 446D30541B42E3A3002955BD /* AddGestureVC.swift */; };
		448B30491B81BFD700DBB7E7 /* PointsTableSection.swift in Sources */ = {isa = PBXBuildFile; fileRef = 448B30481B81BFD700DBB7E7 /* PointsTableSection.swift */; };
		448B304B1B81C03A00DBB7E7 /* DateHelper.swift in Sources */ = {isa = PBXBuildFile; fileRef = 448B304A1B81C03A00DBB7E7 /* DateHelper.swift */; };
		448B304D1B81C06900DBB7E7 /* Applicants.swift in Sources */ = {isa = PBXBuildFile; fileRef = 448B304C1B81C06900DBB7E7 /* Applicants.swift */; };
		448B304F1B81C0BC00DBB7E7 /* PlayerRanking.swift in Sources */ = {isa = PBXBuildFile; fileRef = 448B304E1B81C0BC00DBB7E7 /* PlayerRanking.swift */; };
		448B30511B81C0ED00DBB7E7 /* FilterSetting.swift in Sources */ = {isa = PBXBuildFile; fileRef = 448B30501B81C0ED00DBB7E7 /* FilterSetting.swift */; };
		448B30541B81C16E00DBB7E7 /* PlayerRankingGameListDownloader.swift in Sources */ = {isa = PBXBuildFile; fileRef = 448B30531B81C16E00DBB7E7 /* PlayerRankingGameListDownloader.swift */; };
		448B30591B81E3F000DBB7E7 /* TournamentDetail.swift in Sources */ = {isa = PBXBuildFile; fileRef = 448B30581B81E3F000DBB7E7 /* TournamentDetail.swift */; };
		448D22FA1B3972C700D1D2CB /* HttpDownloader.swift in Sources */ = {isa = PBXBuildFile; fileRef = 448D22F81B3972C700D1D2CB /* HttpDownloader.swift */; };
		448D22FB1B3972C700D1D2CB /* StringHelper.swift in Sources */ = {isa = PBXBuildFile; fileRef = 448D22F91B3972C700D1D2CB /* StringHelper.swift */; };
		4492BE8F1B417AB800F24441 /* SWRevealViewController.m in Sources */ = {isa = PBXBuildFile; fileRef = 4492BE8E1B417AB800F24441 /* SWRevealViewController.m */; };
		4492BE911B419DB400F24441 /* RankingVC.swift in Sources */ = {isa = PBXBuildFile; fileRef = 4492BE901B419DB400F24441 /* RankingVC.swift */; };
		4492BE931B42B45F00F24441 /* skyleft.PNG in Resources */ = {isa = PBXBuildFile; fileRef = 4492BE921B42B45F00F24441 /* skyleft.PNG */; };
		4492BE951B42C51B00F24441 /* skyleft_menu.PNG in Resources */ = {isa = PBXBuildFile; fileRef = 4492BE941B42C51B00F24441 /* skyleft_menu.PNG */; };
		4492BE971B42C68D00F24441 /* skyleft_menu_highlight.PNG in Resources */ = {isa = PBXBuildFile; fileRef = 4492BE961B42C68D00F24441 /* skyleft_menu_highlight.PNG */; };
		4492BE9A1B42C79000F24441 /* sand_menu_highlight.png in Resources */ = {isa = PBXBuildFile; fileRef = 4492BE981B42C79000F24441 /* sand_menu_highlight.png */; };
		4492BE9B1B42C79000F24441 /* sand_menu.png in Resources */ = {isa = PBXBuildFile; fileRef = 4492BE991B42C79000F24441 /* sand_menu.png */; };
		44AEE2811BAEE74200F0825B /* PlayerRankingGame.swift in Sources */ = {isa = PBXBuildFile; fileRef = 44AEE2801BAEE74200F0825B /* PlayerRankingGame.swift */; };
		44AEE2831BAEE86000F0825B /* DownloaderBase.swift in Sources */ = {isa = PBXBuildFile; fileRef = 44AEE2821BAEE86000F0825B /* DownloaderBase.swift */; };
		44B00B1D1B4D1BA6009CAF43 /* UIVewControllerExtensions.swift in Sources */ = {isa = PBXBuildFile; fileRef = 44B00B1C1B4D1BA6009CAF43 /* UIVewControllerExtensions.swift */; };
		44B00B1F1B541BC2009CAF43 /* PointsTableVC.swift in Sources */ = {isa = PBXBuildFile; fileRef = 44B00B1E1B541BC2009CAF43 /* PointsTableVC.swift */; };
		44B00B211B543A42009CAF43 /* PlayerRankingsDownloader.swift in Sources */ = {isa = PBXBuildFile; fileRef = 44B00B201B543A42009CAF43 /* PlayerRankingsDownloader.swift */; };
		44CC44F71B15CB0400E2F545 /* AppDelegate.swift in Sources */ = {isa = PBXBuildFile; fileRef = 44CC44F61B15CB0400E2F545 /* AppDelegate.swift */; };
		44CC44F91B15CB0400E2F545 /* FirstViewController.swift in Sources */ = {isa = PBXBuildFile; fileRef = 44CC44F81B15CB0400E2F545 /* FirstViewController.swift */; };
		44CC44FE1B15CB0400E2F545 /* Main.storyboard in Resources */ = {isa = PBXBuildFile; fileRef = 44CC44FC1B15CB0400E2F545 /* Main.storyboard */; };
		44CC45001B15CB0400E2F545 /* Images.xcassets in Resources */ = {isa = PBXBuildFile; fileRef = 44CC44FF1B15CB0400E2F545 /* Images.xcassets */; };
		44CC45031B15CB0500E2F545 /* LaunchScreen.xib in Resources */ = {isa = PBXBuildFile; fileRef = 44CC45011B15CB0500E2F545 /* LaunchScreen.xib */; };
		44CC45191B15CB9400E2F545 /* libxml2.dylib in Frameworks */ = {isa = PBXBuildFile; fileRef = 44CC45181B15CB9400E2F545 /* libxml2.dylib */; };
		44EDE1781B7E24C300BB9C0D /* PlayerRankingVC.swift in Sources */ = {isa = PBXBuildFile; fileRef = 44EDE1771B7E24C300BB9C0D /* PlayerRankingVC.swift */; };
		44F39A511CDC571A0072B359 /* ResultsViewController.swift in Sources */ = {isa = PBXBuildFile; fileRef = 44F39A501CDC571A0072B359 /* ResultsViewController.swift */; };
		44F39A541CDC576F0072B359 /* ResultsDownloader.swift in Sources */ = {isa = PBXBuildFile; fileRef = 44F39A531CDC576F0072B359 /* ResultsDownloader.swift */; };
/* End PBXBuildFile section */

/* Begin PBXContainerItemProxy section */
		44CC45091B15CB0500E2F545 /* PBXContainerItemProxy */ = {
			isa = PBXContainerItemProxy;
			containerPortal = 44CC44E91B15CB0400E2F545 /* Project object */;
			proxyType = 1;
			remoteGlobalIDString = 44CC44F01B15CB0400E2F545;
			remoteInfo = BVTournamentCalendar;
		};
/* End PBXContainerItemProxy section */

/* Begin PBXFileReference section */
		4425305C1B1CDFE4006CD74B /* TournamentDetailDownloader.swift */ = {isa = PBXFileReference; fileEncoding = 4; lastKnownFileType = sourcecode.swift; path = TournamentDetailDownloader.swift; sourceTree = "<group>"; };
		442A74041B2B541F00875705 /* TournamentApplicantsViewController.swift */ = {isa = PBXFileReference; fileEncoding = 4; lastKnownFileType = sourcecode.swift; path = TournamentApplicantsViewController.swift; sourceTree = "<group>"; };
		442A74061B2B54C200875705 /* TournamentApplicantsDownloader.swift */ = {isa = PBXFileReference; fileEncoding = 4; lastKnownFileType = sourcecode.swift; path = TournamentApplicantsDownloader.swift; sourceTree = "<group>"; };
		442A74221B2F004700875705 /* normal-back.png */ = {isa = PBXFileReference; lastKnownFileType = image.png; path = "normal-back.png"; sourceTree = "<group>"; };
		444792BB1D06146A00F22024 /* EMBadgedBarButtonItem.swift */ = {isa = PBXFileReference; fileEncoding = 4; lastKnownFileType = sourcecode.swift; path = EMBadgedBarButtonItem.swift; sourceTree = "<group>"; };
		444E4E0F1C49855F00E6287D /* 10363442_2876931804806_5184986262509690354_o.jpg */ = {isa = PBXFileReference; lastKnownFileType = image.jpeg; path = 10363442_2876931804806_5184986262509690354_o.jpg; sourceTree = "<group>"; };
		44686A161B16139F004307E7 /* TournamentListViewController.swift */ = {isa = PBXFileReference; fileEncoding = 4; lastKnownFileType = sourcecode.swift; path = TournamentListViewController.swift; sourceTree = "<group>"; };
		44686A191B1614BC004307E7 /* Tournament.swift */ = {isa = PBXFileReference; fileEncoding = 4; lastKnownFileType = sourcecode.swift; path = Tournament.swift; sourceTree = "<group>"; };
		44686A1C1B165096004307E7 /* SandSports-Bridging-Header.h */ = {isa = PBXFileReference; fileEncoding = 4; lastKnownFileType = sourcecode.c.h; path = "SandSports-Bridging-Header.h"; sourceTree = "<group>"; };
		44686A1D1B165096004307E7 /* TFHpple.h */ = {isa = PBXFileReference; fileEncoding = 4; lastKnownFileType = sourcecode.c.h; path = TFHpple.h; sourceTree = "<group>"; };
		44686A1E1B165096004307E7 /* TFHpple.m */ = {isa = PBXFileReference; fileEncoding = 4; lastKnownFileType = sourcecode.c.objc; path = TFHpple.m; sourceTree = "<group>"; };
		44686A1F1B165096004307E7 /* TFHppleElement.h */ = {isa = PBXFileReference; fileEncoding = 4; lastKnownFileType = sourcecode.c.h; path = TFHppleElement.h; sourceTree = "<group>"; };
		44686A201B165096004307E7 /* TFHppleElement.m */ = {isa = PBXFileReference; fileEncoding = 4; lastKnownFileType = sourcecode.c.objc; path = TFHppleElement.m; sourceTree = "<group>"; };
		44686A211B165096004307E7 /* XPathQuery.h */ = {isa = PBXFileReference; fileEncoding = 4; lastKnownFileType = sourcecode.c.h; path = XPathQuery.h; sourceTree = "<group>"; };
		44686A221B165096004307E7 /* XPathQuery.m */ = {isa = PBXFileReference; fileEncoding = 4; lastKnownFileType = sourcecode.c.objc; path = XPathQuery.m; sourceTree = "<group>"; };
		44686A261B17049D004307E7 /* TournamentListDownloader.swift */ = {isa = PBXFileReference; fileEncoding = 4; lastKnownFileType = sourcecode.swift; path = TournamentListDownloader.swift; sourceTree = "<group>"; };
		44686A281B170D3E004307E7 /* TournamentViewController.swift */ = {isa = PBXFileReference; fileEncoding = 4; lastKnownFileType = sourcecode.swift; path = TournamentViewController.swift; sourceTree = "<group>"; };
		44686A2F1B174188004307E7 /* sand.png */ = {isa = PBXFileReference; lastKnownFileType = image.png; path = sand.png; sourceTree = "<group>"; };
		44686A311B185161004307E7 /* black.png */ = {isa = PBXFileReference; lastKnownFileType = image.png; path = black.png; sourceTree = "<group>"; };
		44686A321B185161004307E7 /* blue.png */ = {isa = PBXFileReference; lastKnownFileType = image.png; path = blue.png; sourceTree = "<group>"; };
		44686A331B185161004307E7 /* green.png */ = {isa = PBXFileReference; lastKnownFileType = image.png; path = green.png; sourceTree = "<group>"; };
		44686A341B185161004307E7 /* normal.png */ = {isa = PBXFileReference; lastKnownFileType = image.png; path = normal.png; sourceTree = "<group>"; };
		44686A351B185161004307E7 /* red.png */ = {isa = PBXFileReference; lastKnownFileType = image.png; path = red.png; sourceTree = "<group>"; };
		44686A531B1C50F4004307E7 /* TournamentListHelper.swift */ = {isa = PBXFileReference; fileEncoding = 4; lastKnownFileType = sourcecode.swift; path = TournamentListHelper.swift; sourceTree = "<group>"; };
		44686A551B1CBC66004307E7 /* FilterSettingsViewController.swift */ = {isa = PBXFileReference; fileEncoding = 4; lastKnownFileType = sourcecode.swift; path = FilterSettingsViewController.swift; sourceTree = "<group>"; };
		446D30541B42E3A3002955BD /* AddGestureVC.swift */ = {isa = PBXFileReference; fileEncoding = 4; lastKnownFileType = sourcecode.swift; name = AddGestureVC.swift; path = ../AddGestureVC.swift; sourceTree = "<group>"; };
		448B30481B81BFD700DBB7E7 /* PointsTableSection.swift */ = {isa = PBXFileReference; fileEncoding = 4; lastKnownFileType = sourcecode.swift; path = PointsTableSection.swift; sourceTree = "<group>"; };
		448B304A1B81C03A00DBB7E7 /* DateHelper.swift */ = {isa = PBXFileReference; fileEncoding = 4; lastKnownFileType = sourcecode.swift; path = DateHelper.swift; sourceTree = "<group>"; };
		448B304C1B81C06900DBB7E7 /* Applicants.swift */ = {isa = PBXFileReference; fileEncoding = 4; lastKnownFileType = sourcecode.swift; path = Applicants.swift; sourceTree = "<group>"; };
		448B304E1B81C0BC00DBB7E7 /* PlayerRanking.swift */ = {isa = PBXFileReference; fileEncoding = 4; lastKnownFileType = sourcecode.swift; path = PlayerRanking.swift; sourceTree = "<group>"; };
		448B30501B81C0ED00DBB7E7 /* FilterSetting.swift */ = {isa = PBXFileReference; fileEncoding = 4; lastKnownFileType = sourcecode.swift; path = FilterSetting.swift; sourceTree = "<group>"; };
		448B30531B81C16E00DBB7E7 /* PlayerRankingGameListDownloader.swift */ = {isa = PBXFileReference; fileEncoding = 4; lastKnownFileType = sourcecode.swift; path = PlayerRankingGameListDownloader.swift; sourceTree = "<group>"; };
		448B30581B81E3F000DBB7E7 /* TournamentDetail.swift */ = {isa = PBXFileReference; fileEncoding = 4; lastKnownFileType = sourcecode.swift; path = TournamentDetail.swift; sourceTree = "<group>"; };
		448D22F81B3972C700D1D2CB /* HttpDownloader.swift */ = {isa = PBXFileReference; fileEncoding = 4; lastKnownFileType = sourcecode.swift; path = HttpDownloader.swift; sourceTree = "<group>"; };
		448D22F91B3972C700D1D2CB /* StringHelper.swift */ = {isa = PBXFileReference; fileEncoding = 4; lastKnownFileType = sourcecode.swift; path = StringHelper.swift; sourceTree = "<group>"; };
		4492BE8D1B417AB800F24441 /* SWRevealViewController.h */ = {isa = PBXFileReference; fileEncoding = 4; lastKnownFileType = sourcecode.c.h; name = SWRevealViewController.h; path = ../SWRevealViewController/SWRevealViewController.h; sourceTree = "<group>"; };
		4492BE8E1B417AB800F24441 /* SWRevealViewController.m */ = {isa = PBXFileReference; fileEncoding = 4; lastKnownFileType = sourcecode.c.objc; name = SWRevealViewController.m; path = ../SWRevealViewController/SWRevealViewController.m; sourceTree = "<group>"; };
		4492BE901B419DB400F24441 /* RankingVC.swift */ = {isa = PBXFileReference; fileEncoding = 4; lastKnownFileType = sourcecode.swift; path = RankingVC.swift; sourceTree = "<group>"; };
		4492BE921B42B45F00F24441 /* skyleft.PNG */ = {isa = PBXFileReference; lastKnownFileType = image.png; path = skyleft.PNG; sourceTree = "<group>"; };
		4492BE941B42C51B00F24441 /* skyleft_menu.PNG */ = {isa = PBXFileReference; lastKnownFileType = image.png; path = skyleft_menu.PNG; sourceTree = "<group>"; };
		4492BE961B42C68D00F24441 /* skyleft_menu_highlight.PNG */ = {isa = PBXFileReference; lastKnownFileType = image.png; path = skyleft_menu_highlight.PNG; sourceTree = "<group>"; };
		4492BE981B42C79000F24441 /* sand_menu_highlight.png */ = {isa = PBXFileReference; lastKnownFileType = image.png; path = sand_menu_highlight.png; sourceTree = "<group>"; };
		4492BE991B42C79000F24441 /* sand_menu.png */ = {isa = PBXFileReference; lastKnownFileType = image.png; path = sand_menu.png; sourceTree = "<group>"; };
		44AEE2801BAEE74200F0825B /* PlayerRankingGame.swift */ = {isa = PBXFileReference; fileEncoding = 4; lastKnownFileType = sourcecode.swift; path = PlayerRankingGame.swift; sourceTree = "<group>"; };
		44AEE2821BAEE86000F0825B /* DownloaderBase.swift */ = {isa = PBXFileReference; fileEncoding = 4; lastKnownFileType = sourcecode.swift; name = DownloaderBase.swift; path = ../DownloaderBase.swift; sourceTree = "<group>"; };
		44B00B1C1B4D1BA6009CAF43 /* UIVewControllerExtensions.swift */ = {isa = PBXFileReference; fileEncoding = 4; lastKnownFileType = sourcecode.swift; path = UIVewControllerExtensions.swift; sourceTree = "<group>"; };
		44B00B1E1B541BC2009CAF43 /* PointsTableVC.swift */ = {isa = PBXFileReference; fileEncoding = 4; lastKnownFileType = sourcecode.swift; path = PointsTableVC.swift; sourceTree = "<group>"; };
		44B00B201B543A42009CAF43 /* PlayerRankingsDownloader.swift */ = {isa = PBXFileReference; fileEncoding = 4; lastKnownFileType = sourcecode.swift; path = PlayerRankingsDownloader.swift; sourceTree = "<group>"; };
		44CC44F11B15CB0400E2F545 /* Beachvolleytävlingar.app */ = {isa = PBXFileReference; explicitFileType = wrapper.application; includeInIndex = 0; path = "Beachvolleytävlingar.app"; sourceTree = BUILT_PRODUCTS_DIR; };
		44CC44F51B15CB0400E2F545 /* Info.plist */ = {isa = PBXFileReference; lastKnownFileType = text.plist.xml; path = Info.plist; sourceTree = "<group>"; };
		44CC44F61B15CB0400E2F545 /* AppDelegate.swift */ = {isa = PBXFileReference; lastKnownFileType = sourcecode.swift; path = AppDelegate.swift; sourceTree = "<group>"; };
		44CC44F81B15CB0400E2F545 /* FirstViewController.swift */ = {isa = PBXFileReference; lastKnownFileType = sourcecode.swift; name = FirstViewController.swift; path = ../FirstViewController.swift; sourceTree = "<group>"; };
		44CC44FD1B15CB0400E2F545 /* Base */ = {isa = PBXFileReference; lastKnownFileType = file.storyboard; name = Base; path = Base.lproj/Main.storyboard; sourceTree = "<group>"; };
		44CC44FF1B15CB0400E2F545 /* Images.xcassets */ = {isa = PBXFileReference; lastKnownFileType = folder.assetcatalog; path = Images.xcassets; sourceTree = "<group>"; };
		44CC45021B15CB0500E2F545 /* Base */ = {isa = PBXFileReference; lastKnownFileType = file.xib; name = Base; path = Base.lproj/LaunchScreen.xib; sourceTree = "<group>"; };
		44CC45081B15CB0500E2F545 /* BeachvolleytavlingarTests.xctest */ = {isa = PBXFileReference; explicitFileType = wrapper.cfbundle; includeInIndex = 0; path = BeachvolleytavlingarTests.xctest; sourceTree = BUILT_PRODUCTS_DIR; };
		44CC45181B15CB9400E2F545 /* libxml2.dylib */ = {isa = PBXFileReference; lastKnownFileType = "compiled.mach-o.dylib"; name = libxml2.dylib; path = usr/lib/libxml2.dylib; sourceTree = SDKROOT; };
		44EDE1771B7E24C300BB9C0D /* PlayerRankingVC.swift */ = {isa = PBXFileReference; fileEncoding = 4; lastKnownFileType = sourcecode.swift; path = PlayerRankingVC.swift; sourceTree = "<group>"; };
		44F39A501CDC571A0072B359 /* ResultsViewController.swift */ = {isa = PBXFileReference; fileEncoding = 4; lastKnownFileType = sourcecode.swift; path = ResultsViewController.swift; sourceTree = "<group>"; };
		44F39A531CDC576F0072B359 /* ResultsDownloader.swift */ = {isa = PBXFileReference; fileEncoding = 4; lastKnownFileType = sourcecode.swift; path = ResultsDownloader.swift; sourceTree = "<group>"; };
/* End PBXFileReference section */

/* Begin PBXFrameworksBuildPhase section */
		44CC44EE1B15CB0400E2F545 /* Frameworks */ = {
			isa = PBXFrameworksBuildPhase;
			buildActionMask = 2147483647;
			files = (
				44CC45191B15CB9400E2F545 /* libxml2.dylib in Frameworks */,
			);
			runOnlyForDeploymentPostprocessing = 0;
		};
		44CC45051B15CB0500E2F545 /* Frameworks */ = {
			isa = PBXFrameworksBuildPhase;
			buildActionMask = 2147483647;
			files = (
			);
			runOnlyForDeploymentPostprocessing = 0;
		};
/* End PBXFrameworksBuildPhase section */

/* Begin PBXGroup section */
		44686A111B15EE9B004307E7 /* Framework */ = {
			isa = PBXGroup;
			children = (
				44AEE2821BAEE86000F0825B /* DownloaderBase.swift */,
				44CC44F81B15CB0400E2F545 /* FirstViewController.swift */,
				446D30541B42E3A3002955BD /* AddGestureVC.swift */,
				448D22F81B3972C700D1D2CB /* HttpDownloader.swift */,
				448D22F91B3972C700D1D2CB /* StringHelper.swift */,
				44B00B1C1B4D1BA6009CAF43 /* UIVewControllerExtensions.swift */,
				448B304A1B81C03A00DBB7E7 /* DateHelper.swift */,
			);
			path = Framework;
			sourceTree = "<group>";
		};
		44686A181B1614AB004307E7 /* Tournament List Controller */ = {
			isa = PBXGroup;
			children = (
				44686A161B16139F004307E7 /* TournamentListViewController.swift */,
				44686A191B1614BC004307E7 /* Tournament.swift */,
				44686A261B17049D004307E7 /* TournamentListDownloader.swift */,
				44686A531B1C50F4004307E7 /* TournamentListHelper.swift */,
				444792BB1D06146A00F22024 /* EMBadgedBarButtonItem.swift */,
			);
			name = "Tournament List Controller";
			sourceTree = "<group>";
		};
		44686A1B1B165096004307E7 /* TFHpple */ = {
			isa = PBXGroup;
			children = (
				4492BE8D1B417AB800F24441 /* SWRevealViewController.h */,
				4492BE8E1B417AB800F24441 /* SWRevealViewController.m */,
				44686A1C1B165096004307E7 /* SandSports-Bridging-Header.h */,
				44686A1D1B165096004307E7 /* TFHpple.h */,
				44686A1E1B165096004307E7 /* TFHpple.m */,
				44686A1F1B165096004307E7 /* TFHppleElement.h */,
				44686A201B165096004307E7 /* TFHppleElement.m */,
				44686A211B165096004307E7 /* XPathQuery.h */,
				44686A221B165096004307E7 /* XPathQuery.m */,
			);
			path = TFHpple;
			sourceTree = "<group>";
		};
		44686A2A1B1734C0004307E7 /* Resources */ = {
			isa = PBXGroup;
			children = (
				444E4E0F1C49855F00E6287D /* 10363442_2876931804806_5184986262509690354_o.jpg */,
				4492BE981B42C79000F24441 /* sand_menu_highlight.png */,
				4492BE991B42C79000F24441 /* sand_menu.png */,
				4492BE961B42C68D00F24441 /* skyleft_menu_highlight.PNG */,
				4492BE941B42C51B00F24441 /* skyleft_menu.PNG */,
				4492BE921B42B45F00F24441 /* skyleft.PNG */,
				442A74221B2F004700875705 /* normal-back.png */,
				44686A311B185161004307E7 /* black.png */,
				44686A321B185161004307E7 /* blue.png */,
				44686A331B185161004307E7 /* green.png */,
				44686A341B185161004307E7 /* normal.png */,
				44686A351B185161004307E7 /* red.png */,
				44686A2F1B174188004307E7 /* sand.png */,
			);
			path = Resources;
			sourceTree = "<group>";
		};
		448B30471B81BFAF00DBB7E7 /* PointsTable Controller */ = {
			isa = PBXGroup;
			children = (
				44B00B1E1B541BC2009CAF43 /* PointsTableVC.swift */,
			);
			name = "PointsTable Controller";
			sourceTree = "<group>";
		};
		448B30521B81C10D00DBB7E7 /* FilterSettings Controller  */ = {
			isa = PBXGroup;
			children = (
				448B30501B81C0ED00DBB7E7 /* FilterSetting.swift */,
				44686A551B1CBC66004307E7 /* FilterSettingsViewController.swift */,
			);
			name = "FilterSettings Controller ";
			sourceTree = "<group>";
		};
		448B30551B81C1BE00DBB7E7 /* Ranking Controller */ = {
			isa = PBXGroup;
			children = (
				4492BE901B419DB400F24441 /* RankingVC.swift */,
				44EDE1771B7E24C300BB9C0D /* PlayerRankingVC.swift */,
				44B00B201B543A42009CAF43 /* PlayerRankingsDownloader.swift */,
				448B30531B81C16E00DBB7E7 /* PlayerRankingGameListDownloader.swift */,
				448B304E1B81C0BC00DBB7E7 /* PlayerRanking.swift */,
				44AEE2801BAEE74200F0825B /* PlayerRankingGame.swift */,
			);
			name = "Ranking Controller";
			sourceTree = "<group>";
		};
		448B30561B81E2F400DBB7E7 /* Tournament Applicants Controller */ = {
			isa = PBXGroup;
			children = (
				448B304C1B81C06900DBB7E7 /* Applicants.swift */,
				442A74061B2B54C200875705 /* TournamentApplicantsDownloader.swift */,
				442A74041B2B541F00875705 /* TournamentApplicantsViewController.swift */,
			);
			name = "Tournament Applicants Controller";
			sourceTree = "<group>";
		};
		448B30571B81E3BD00DBB7E7 /* Tournament Details Controller */ = {
			isa = PBXGroup;
			children = (
				44686A281B170D3E004307E7 /* TournamentViewController.swift */,
				448B30481B81BFD700DBB7E7 /* PointsTableSection.swift */,
				448B30581B81E3F000DBB7E7 /* TournamentDetail.swift */,
				4425305C1B1CDFE4006CD74B /* TournamentDetailDownloader.swift */,
			);
			name = "Tournament Details Controller";
			sourceTree = "<group>";
		};
		4492BE861B4178B000F24441 /* SWRevealViewController */ = {
			isa = PBXGroup;
			children = (
			);
			name = SWRevealViewController;
			sourceTree = "<group>";
		};
		44CC44E81B15CB0400E2F545 = {
			isa = PBXGroup;
			children = (
				4492BE861B4178B000F24441 /* SWRevealViewController */,
				44686A1B1B165096004307E7 /* TFHpple */,
				44CC45181B15CB9400E2F545 /* libxml2.dylib */,
				44CC44F31B15CB0400E2F545 /* BVTournamentCalendar */,
				44CC44F21B15CB0400E2F545 /* Products */,
			);
			sourceTree = "<group>";
		};
		44CC44F21B15CB0400E2F545 /* Products */ = {
			isa = PBXGroup;
			children = (
				44CC44F11B15CB0400E2F545 /* Beachvolleytävlingar.app */,
				44CC45081B15CB0500E2F545 /* BeachvolleytavlingarTests.xctest */,
			);
			name = Products;
			sourceTree = "<group>";
		};
		44CC44F31B15CB0400E2F545 /* BVTournamentCalendar */ = {
			isa = PBXGroup;
			children = (
				44F39A521CDC572A0072B359 /* Results Controller */,
				448B30571B81E3BD00DBB7E7 /* Tournament Details Controller */,
				448B30561B81E2F400DBB7E7 /* Tournament Applicants Controller */,
				448B30551B81C1BE00DBB7E7 /* Ranking Controller */,
				448B30521B81C10D00DBB7E7 /* FilterSettings Controller  */,
				448B30471B81BFAF00DBB7E7 /* PointsTable Controller */,
				44686A2A1B1734C0004307E7 /* Resources */,
				44686A181B1614AB004307E7 /* Tournament List Controller */,
				44686A111B15EE9B004307E7 /* Framework */,
				44CC44F41B15CB0400E2F545 /* Supporting Files */,
				44CC44F61B15CB0400E2F545 /* AppDelegate.swift */,
				44CC44FC1B15CB0400E2F545 /* Main.storyboard */,
				44CC44FF1B15CB0400E2F545 /* Images.xcassets */,
				44CC45011B15CB0500E2F545 /* LaunchScreen.xib */,
			);
			path = BVTournamentCalendar;
			sourceTree = "<group>";
		};
		44CC44F41B15CB0400E2F545 /* Supporting Files */ = {
			isa = PBXGroup;
			children = (
				44CC44F51B15CB0400E2F545 /* Info.plist */,
			);
			name = "Supporting Files";
			sourceTree = "<group>";
		};
		44F39A521CDC572A0072B359 /* Results Controller */ = {
			isa = PBXGroup;
			children = (
				44F39A501CDC571A0072B359 /* ResultsViewController.swift */,
				44F39A531CDC576F0072B359 /* ResultsDownloader.swift */,
			);
			name = "Results Controller";
			sourceTree = "<group>";
		};
/* End PBXGroup section */

/* Begin PBXNativeTarget section */
		44CC44F01B15CB0400E2F545 /* Beachvolleytävlingar */ = {
			isa = PBXNativeTarget;
			buildConfigurationList = 44CC45121B15CB0500E2F545 /* Build configuration list for PBXNativeTarget "Beachvolleytävlingar" */;
			buildPhases = (
				44CC44ED1B15CB0400E2F545 /* Sources */,
				44CC44EE1B15CB0400E2F545 /* Frameworks */,
				44CC44EF1B15CB0400E2F545 /* Resources */,
			);
			buildRules = (
			);
			dependencies = (
			);
			name = "Beachvolleytävlingar";
			productName = BVTournamentCalendar;
			productReference = 44CC44F11B15CB0400E2F545 /* Beachvolleytävlingar.app */;
			productType = "com.apple.product-type.application";
		};
		44CC45071B15CB0500E2F545 /* BeachvolleytavlingarTests */ = {
			isa = PBXNativeTarget;
			buildConfigurationList = 44CC45151B15CB0500E2F545 /* Build configuration list for PBXNativeTarget "BeachvolleytavlingarTests" */;
			buildPhases = (
				44CC45041B15CB0500E2F545 /* Sources */,
				44CC45051B15CB0500E2F545 /* Frameworks */,
				44CC45061B15CB0500E2F545 /* Resources */,
			);
			buildRules = (
			);
			dependencies = (
				44CC450A1B15CB0500E2F545 /* PBXTargetDependency */,
			);
			name = BeachvolleytavlingarTests;
			productName = BVTournamentCalendarTests;
			productReference = 44CC45081B15CB0500E2F545 /* BeachvolleytavlingarTests.xctest */;
			productType = "com.apple.product-type.bundle.unit-test";
		};
/* End PBXNativeTarget section */

/* Begin PBXProject section */
		44CC44E91B15CB0400E2F545 /* Project object */ = {
			isa = PBXProject;
			attributes = {
				LastSwiftMigration = 0700;
				LastSwiftUpdateCheck = 0700;
				LastUpgradeCheck = 0820;
				ORGANIZATIONNAME = "Carl Kenne";
				TargetAttributes = {
					44CC44F01B15CB0400E2F545 = {
						CreatedOnToolsVersion = 6.1.1;
						DevelopmentTeam = J5HZ3L48U8;
						LastSwiftMigration = 0820;
					};
					44CC45071B15CB0500E2F545 = {
						CreatedOnToolsVersion = 6.1.1;
						TestTargetID = 44CC44F01B15CB0400E2F545;
					};
				};
			};
			buildConfigurationList = 44CC44EC1B15CB0400E2F545 /* Build configuration list for PBXProject "BVTournamentCalendar" */;
			compatibilityVersion = "Xcode 3.2";
			developmentRegion = English;
			hasScannedForEncodings = 0;
			knownRegions = (
				en,
				Base,
			);
			mainGroup = 44CC44E81B15CB0400E2F545;
			productRefGroup = 44CC44F21B15CB0400E2F545 /* Products */;
			projectDirPath = "";
			projectRoot = "";
			targets = (
				44CC44F01B15CB0400E2F545 /* Beachvolleytävlingar */,
				44CC45071B15CB0500E2F545 /* BeachvolleytavlingarTests */,
			);
		};
/* End PBXProject section */

/* Begin PBXResourcesBuildPhase section */
		44CC44EF1B15CB0400E2F545 /* Resources */ = {
			isa = PBXResourcesBuildPhase;
			buildActionMask = 2147483647;
			files = (
				44CC44FE1B15CB0400E2F545 /* Main.storyboard in Resources */,
				444E4E101C49855F00E6287D /* 10363442_2876931804806_5184986262509690354_o.jpg in Resources */,
				442A74231B2F004700875705 /* normal-back.png in Resources */,
				44686A371B185161004307E7 /* black.png in Resources */,
				44CC45031B15CB0500E2F545 /* LaunchScreen.xib in Resources */,
				44686A391B185161004307E7 /* green.png in Resources */,
				4492BE9A1B42C79000F24441 /* sand_menu_highlight.png in Resources */,
				4492BE951B42C51B00F24441 /* skyleft_menu.PNG in Resources */,
				44686A381B185161004307E7 /* blue.png in Resources */,
				44686A3A1B185161004307E7 /* normal.png in Resources */,
				4492BE9B1B42C79000F24441 /* sand_menu.png in Resources */,
				4492BE931B42B45F00F24441 /* skyleft.PNG in Resources */,
				44686A3B1B185161004307E7 /* red.png in Resources */,
				44CC45001B15CB0400E2F545 /* Images.xcassets in Resources */,
				4492BE971B42C68D00F24441 /* skyleft_menu_highlight.PNG in Resources */,
				44686A301B174188004307E7 /* sand.png in Resources */,
			);
			runOnlyForDeploymentPostprocessing = 0;
		};
		44CC45061B15CB0500E2F545 /* Resources */ = {
			isa = PBXResourcesBuildPhase;
			buildActionMask = 2147483647;
			files = (
			);
			runOnlyForDeploymentPostprocessing = 0;
		};
/* End PBXResourcesBuildPhase section */

/* Begin PBXSourcesBuildPhase section */
		44CC44ED1B15CB0400E2F545 /* Sources */ = {
			isa = PBXSourcesBuildPhase;
			buildActionMask = 2147483647;
			files = (
				44AEE2811BAEE74200F0825B /* PlayerRankingGame.swift in Sources */,
				448B304B1B81C03A00DBB7E7 /* DateHelper.swift in Sources */,
				44686A1A1B1614BC004307E7 /* Tournament.swift in Sources */,
				4425305D1B1CDFE4006CD74B /* TournamentDetailDownloader.swift in Sources */,
				44686A251B165096004307E7 /* XPathQuery.m in Sources */,
				4492BE911B419DB400F24441 /* RankingVC.swift in Sources */,
				44B00B211B543A42009CAF43 /* PlayerRankingsDownloader.swift in Sources */,
				44686A561B1CBC66004307E7 /* FilterSettingsViewController.swift in Sources */,
				44CC44F71B15CB0400E2F545 /* AppDelegate.swift in Sources */,
				448B30541B81C16E00DBB7E7 /* PlayerRankingGameListDownloader.swift in Sources */,
				44686A541B1C50F5004307E7 /* TournamentListHelper.swift in Sources */,
				44F39A511CDC571A0072B359 /* ResultsViewController.swift in Sources */,
				44CC44F91B15CB0400E2F545 /* FirstViewController.swift in Sources */,
				448B30511B81C0ED00DBB7E7 /* FilterSetting.swift in Sources */,
				448B304D1B81C06900DBB7E7 /* Applicants.swift in Sources */,
				448B304F1B81C0BC00DBB7E7 /* PlayerRanking.swift in Sources */,
				44EDE1781B7E24C300BB9C0D /* PlayerRankingVC.swift in Sources */,
				44686A241B165096004307E7 /* TFHppleElement.m in Sources */,
				442A74071B2B54C200875705 /* TournamentApplicantsDownloader.swift in Sources */,
				448B30591B81E3F000DBB7E7 /* TournamentDetail.swift in Sources */,
				44686A171B16139F004307E7 /* TournamentListViewController.swift in Sources */,
				448B30491B81BFD700DBB7E7 /* PointsTableSection.swift in Sources */,
				448D22FB1B3972C700D1D2CB /* StringHelper.swift in Sources */,
				44F39A541CDC576F0072B359 /* ResultsDownloader.swift in Sources */,
				4492BE8F1B417AB800F24441 /* SWRevealViewController.m in Sources */,
				44686A291B170D3E004307E7 /* TournamentViewController.swift in Sources */,
				44B00B1F1B541BC2009CAF43 /* PointsTableVC.swift in Sources */,
				44AEE2831BAEE86000F0825B /* DownloaderBase.swift in Sources */,
				44B00B1D1B4D1BA6009CAF43 /* UIVewControllerExtensions.swift in Sources */,
				442A74051B2B541F00875705 /* TournamentApplicantsViewController.swift in Sources */,
				44686A271B17049D004307E7 /* TournamentListDownloader.swift in Sources */,
				44686A231B165096004307E7 /* TFHpple.m in Sources */,
				446D30551B42E3A3002955BD /* AddGestureVC.swift in Sources */,
				448D22FA1B3972C700D1D2CB /* HttpDownloader.swift in Sources */,
				444792BC1D06146A00F22024 /* EMBadgedBarButtonItem.swift in Sources */,
			);
			runOnlyForDeploymentPostprocessing = 0;
		};
		44CC45041B15CB0500E2F545 /* Sources */ = {
			isa = PBXSourcesBuildPhase;
			buildActionMask = 2147483647;
			files = (
			);
			runOnlyForDeploymentPostprocessing = 0;
		};
/* End PBXSourcesBuildPhase section */

/* Begin PBXTargetDependency section */
		44CC450A1B15CB0500E2F545 /* PBXTargetDependency */ = {
			isa = PBXTargetDependency;
			target = 44CC44F01B15CB0400E2F545 /* Beachvolleytävlingar */;
			targetProxy = 44CC45091B15CB0500E2F545 /* PBXContainerItemProxy */;
		};
/* End PBXTargetDependency section */

/* Begin PBXVariantGroup section */
		44CC44FC1B15CB0400E2F545 /* Main.storyboard */ = {
			isa = PBXVariantGroup;
			children = (
				44CC44FD1B15CB0400E2F545 /* Base */,
			);
			name = Main.storyboard;
			sourceTree = "<group>";
		};
		44CC45011B15CB0500E2F545 /* LaunchScreen.xib */ = {
			isa = PBXVariantGroup;
			children = (
				44CC45021B15CB0500E2F545 /* Base */,
			);
			name = LaunchScreen.xib;
			sourceTree = "<group>";
		};
/* End PBXVariantGroup section */

/* Begin XCBuildConfiguration section */
		44CC45101B15CB0500E2F545 /* Debug */ = {
			isa = XCBuildConfiguration;
			buildSettings = {
				ALWAYS_SEARCH_USER_PATHS = NO;
				CLANG_CXX_LANGUAGE_STANDARD = "gnu++0x";
				CLANG_CXX_LIBRARY = "libc++";
				CLANG_ENABLE_MODULES = YES;
				CLANG_ENABLE_OBJC_ARC = YES;
				CLANG_WARN_BOOL_CONVERSION = YES;
				CLANG_WARN_CONSTANT_CONVERSION = YES;
				CLANG_WARN_DIRECT_OBJC_ISA_USAGE = YES_ERROR;
				CLANG_WARN_EMPTY_BODY = YES;
				CLANG_WARN_ENUM_CONVERSION = YES;
				CLANG_WARN_INFINITE_RECURSION = YES;
				CLANG_WARN_INT_CONVERSION = YES;
				CLANG_WARN_OBJC_ROOT_CLASS = YES_ERROR;
				CLANG_WARN_SUSPICIOUS_MOVE = YES;
				CLANG_WARN_UNREACHABLE_CODE = YES;
				CLANG_WARN__DUPLICATE_METHOD_MATCH = YES;
				"CODE_SIGN_IDENTITY[sdk=iphoneos*]" = "iPhone Developer";
				COPY_PHASE_STRIP = NO;
				ENABLE_STRICT_OBJC_MSGSEND = YES;
				ENABLE_TESTABILITY = YES;
				GCC_C_LANGUAGE_STANDARD = gnu99;
				GCC_DYNAMIC_NO_PIC = NO;
				GCC_NO_COMMON_BLOCKS = YES;
				GCC_OPTIMIZATION_LEVEL = 0;
				GCC_PREPROCESSOR_DEFINITIONS = (
					"DEBUG=1",
					"$(inherited)",
				);
				GCC_SYMBOLS_PRIVATE_EXTERN = NO;
				GCC_WARN_64_TO_32_BIT_CONVERSION = YES;
				GCC_WARN_ABOUT_RETURN_TYPE = YES_ERROR;
				GCC_WARN_UNDECLARED_SELECTOR = YES;
				GCC_WARN_UNINITIALIZED_AUTOS = YES_AGGRESSIVE;
				GCC_WARN_UNUSED_FUNCTION = YES;
				GCC_WARN_UNUSED_VARIABLE = YES;
				IPHONEOS_DEPLOYMENT_TARGET = 8.1;
				MTL_ENABLE_DEBUG_INFO = YES;
				ONLY_ACTIVE_ARCH = YES;
				PRODUCT_NAME = "Säsongskalendern";
				SDKROOT = iphoneos;
				SWIFT_OPTIMIZATION_LEVEL = "-Onone";
			};
			name = Debug;
		};
		44CC45111B15CB0500E2F545 /* Release */ = {
			isa = XCBuildConfiguration;
			buildSettings = {
				ALWAYS_SEARCH_USER_PATHS = NO;
				CLANG_CXX_LANGUAGE_STANDARD = "gnu++0x";
				CLANG_CXX_LIBRARY = "libc++";
				CLANG_ENABLE_MODULES = YES;
				CLANG_ENABLE_OBJC_ARC = YES;
				CLANG_WARN_BOOL_CONVERSION = YES;
				CLANG_WARN_CONSTANT_CONVERSION = YES;
				CLANG_WARN_DIRECT_OBJC_ISA_USAGE = YES_ERROR;
				CLANG_WARN_EMPTY_BODY = YES;
				CLANG_WARN_ENUM_CONVERSION = YES;
				CLANG_WARN_INFINITE_RECURSION = YES;
				CLANG_WARN_INT_CONVERSION = YES;
				CLANG_WARN_OBJC_ROOT_CLASS = YES_ERROR;
				CLANG_WARN_SUSPICIOUS_MOVE = YES;
				CLANG_WARN_UNREACHABLE_CODE = YES;
				CLANG_WARN__DUPLICATE_METHOD_MATCH = YES;
				"CODE_SIGN_IDENTITY[sdk=iphoneos*]" = "iPhone Developer";
				COPY_PHASE_STRIP = YES;
				ENABLE_NS_ASSERTIONS = NO;
				ENABLE_STRICT_OBJC_MSGSEND = YES;
				GCC_C_LANGUAGE_STANDARD = gnu99;
				GCC_NO_COMMON_BLOCKS = YES;
				GCC_WARN_64_TO_32_BIT_CONVERSION = YES;
				GCC_WARN_ABOUT_RETURN_TYPE = YES_ERROR;
				GCC_WARN_UNDECLARED_SELECTOR = YES;
				GCC_WARN_UNINITIALIZED_AUTOS = YES_AGGRESSIVE;
				GCC_WARN_UNUSED_FUNCTION = YES;
				GCC_WARN_UNUSED_VARIABLE = YES;
				IPHONEOS_DEPLOYMENT_TARGET = 8.1;
				MTL_ENABLE_DEBUG_INFO = NO;
				PRODUCT_NAME = "Säsongskalendern";
				SDKROOT = iphoneos;
				SWIFT_OPTIMIZATION_LEVEL = "-Owholemodule";
				VALIDATE_PRODUCT = YES;
			};
			name = Release;
		};
		44CC45131B15CB0500E2F545 /* Debug */ = {
			isa = XCBuildConfiguration;
			buildSettings = {
				ASSETCATALOG_COMPILER_APPICON_NAME = AppIcon;
				CODE_SIGN_IDENTITY = "iPhone Developer";
				HEADER_SEARCH_PATHS = (
					"$(inherited)",
					/Applications/Xcode.app/Contents/Developer/Toolchains/XcodeDefault.xctoolchain/usr/include,
					"$(SDKROOT)/usr/include/libxml2",
				);
				INFOPLIST_FILE = BVTournamentCalendar/Info.plist;
				IPHONEOS_DEPLOYMENT_TARGET = 8.0;
				LD_RUNPATH_SEARCH_PATHS = "$(inherited) @executable_path/Frameworks";
				PRODUCT_BUNDLE_IDENTIFIER = "Cake.$(PRODUCT_NAME:rfc1034identifier)";
				PRODUCT_NAME = "$(TARGET_NAME)";
				PROVISIONING_PROFILE = "";
				SWIFT_OBJC_BRIDGING_HEADER = "TFHpple/SandSports-Bridging-Header.h";
				SWIFT_VERSION = 3.0;
			};
			name = Debug;
		};
		44CC45141B15CB0500E2F545 /* Release */ = {
			isa = XCBuildConfiguration;
			buildSettings = {
				ASSETCATALOG_COMPILER_APPICON_NAME = AppIcon;
				CODE_SIGN_IDENTITY = "iPhone Developer";
				HEADER_SEARCH_PATHS = (
					"$(inherited)",
					/Applications/Xcode.app/Contents/Developer/Toolchains/XcodeDefault.xctoolchain/usr/include,
					"$(SDKROOT)/usr/include/libxml2",
				);
				INFOPLIST_FILE = BVTournamentCalendar/Info.plist;
				IPHONEOS_DEPLOYMENT_TARGET = 8.0;
				LD_RUNPATH_SEARCH_PATHS = "$(inherited) @executable_path/Frameworks";
				PRODUCT_BUNDLE_IDENTIFIER = "Cake.$(PRODUCT_NAME:rfc1034identifier)";
				PRODUCT_NAME = "$(TARGET_NAME)";
				PROVISIONING_PROFILE = "";
				SWIFT_OBJC_BRIDGING_HEADER = "TFHpple/SandSports-Bridging-Header.h";
				SWIFT_VERSION = 3.0;
			};
			name = Release;
		};
		44CC45161B15CB0500E2F545 /* Debug */ = {
			isa = XCBuildConfiguration;
			buildSettings = {
				BUNDLE_LOADER = "$(TEST_HOST)";
				FRAMEWORK_SEARCH_PATHS = (
					"$(SDKROOT)/Developer/Library/Frameworks",
					"$(inherited)",
				);
				GCC_PREPROCESSOR_DEFINITIONS = (
					"DEBUG=1",
					"$(inherited)",
				);
				INFOPLIST_FILE = BVTournamentCalendarTests/Info.plist;
				LD_RUNPATH_SEARCH_PATHS = "$(inherited) @executable_path/Frameworks @loader_path/Frameworks";
				PRODUCT_BUNDLE_IDENTIFIER = "Cake.$(PRODUCT_NAME:rfc1034identifier)";
				PRODUCT_NAME = "$(TARGET_NAME)";
				TEST_HOST = "";
			};
			name = Debug;
		};
		44CC45171B15CB0500E2F545 /* Release */ = {
			isa = XCBuildConfiguration;
			buildSettings = {
				BUNDLE_LOADER = "$(TEST_HOST)";
				FRAMEWORK_SEARCH_PATHS = (
					"$(SDKROOT)/Developer/Library/Frameworks",
					"$(inherited)",
				);
				INFOPLIST_FILE = BVTournamentCalendarTests/Info.plist;
				LD_RUNPATH_SEARCH_PATHS = "$(inherited) @executable_path/Frameworks @loader_path/Frameworks";
				PRODUCT_BUNDLE_IDENTIFIER = "Cake.$(PRODUCT_NAME:rfc1034identifier)";
				PRODUCT_NAME = "$(TARGET_NAME)";
				TEST_HOST = "";
			};
			name = Release;
		};
/* End XCBuildConfiguration section */

/* Begin XCConfigurationList section */
		44CC44EC1B15CB0400E2F545 /* Build configuration list for PBXProject "BVTournamentCalendar" */ = {
			isa = XCConfigurationList;
			buildConfigurations = (
				44CC45101B15CB0500E2F545 /* Debug */,
				44CC45111B15CB0500E2F545 /* Release */,
			);
			defaultConfigurationIsVisible = 0;
			defaultConfigurationName = Release;
		};
		44CC45121B15CB0500E2F545 /* Build configuration list for PBXNativeTarget "Beachvolleytävlingar" */ = {
			isa = XCConfigurationList;
			buildConfigurations = (
				44CC45131B15CB0500E2F545 /* Debug */,
				44CC45141B15CB0500E2F545 /* Release */,
			);
			defaultConfigurationIsVisible = 0;
			defaultConfigurationName = Release;
		};
		44CC45151B15CB0500E2F545 /* Build configuration list for PBXNativeTarget "BeachvolleytavlingarTests" */ = {
			isa = XCConfigurationList;
			buildConfigurations = (
				44CC45161B15CB0500E2F545 /* Debug */,
				44CC45171B15CB0500E2F545 /* Release */,
			);
			defaultConfigurationIsVisible = 0;
			defaultConfigurationName = Release;
		};
/* End XCConfigurationList section */
	};
	rootObject = 44CC44E91B15CB0400E2F545 /* Project object */;
}
